
Microsoft Visual Studio Solution File, Format Version 12.00
# Visual Studio 15
VisualStudioVersion = 15.0.27703.2018
MinimumVisualStudioVersion = 10.0.40219.1
Project("{FAE04EC0-301F-11D3-BF4B-00C04F79EFBC}") = "DirectLineAPI", "DirectLineAPI\DirectLineAPI.csproj", "{5EBBC033-0C54-4805-BB73-4EA4C9DA7A8C}"
EndProject
Global
	GlobalSection(SolutionConfigurationPlatforms) = preSolution
		Debug|Any CPU = Debug|Any CPU
		Release|Any CPU = Release|Any CPU
	EndGlobalSection
	GlobalSection(ProjectConfigurationPlatforms) = postSolution
		{5EBBC033-0C54-4805-BB73-4EA4C9DA7A8C}.Debug|Any CPU.ActiveCfg = Debug|Any CPU
		{5EBBC033-0C54-4805-BB73-4EA4C9DA7A8C}.Debug|Any CPU.Build.0 = Debug|Any CPU
		{5EBBC033-0C54-4805-BB73-4EA4C9DA7A8C}.Release|Any CPU.ActiveCfg = Release|Any CPU
		{5EBBC033-0C54-4805-BB73-4EA4C9DA7A8C}.Release|Any CPU.Build.0 = Release|Any CPU
	EndGlobalSection
	GlobalSection(SolutionProperties) = preSolution
		HideSolutionNode = FALSE
	EndGlobalSection
	GlobalSection(ExtensibilityGlobals) = postSolution
		SolutionGuid = {F4AFEF46-6830-41D7-98B9-F377AA505A8A}
	EndGlobalSection
EndGlobal
